<?xml version="1.0" encoding="utf-8"?>
<Project ToolsVersion="4.0" xmlns="http://schemas.microsoft.com/developer/msbuild/2003">
  <ItemGroup>
    <Filter Include="Resource Files">
      <UniqueIdentifier>{67DA6AB6-F800-4c08-8B7A-83BB121AAD01}</UniqueIdentifier>
      <Extensions>rc;ico;cur;bmp;dlg;rc2;rct;bin;rgs;gif;jpg;jpeg;jpe;resx;tiff;tif;png;wav;mfcribbon-ms</Extensions>
    </Filter>
    <Filter Include="src">
      <UniqueIdentifier>{2ce2b0ed-46d9-4c54-8a4b-9d6e0701dee5}</UniqueIdentifier>
    </Filter>
    <Filter Include="include">
      <UniqueIdentifier>{ff7d8ac5-75b4-49f4-88d0-5042b87353bf}</UniqueIdentifier>
    </Filter>
    <Filter Include="src\memory">
      <UniqueIdentifier>{77becf4a-8671-4afe-bd7a-6583a7a3aeda}</UniqueIdentifier>
    </Filter>
    <Filter Include="src\engine">
      <UniqueIdentifier>{d89a56c8-2a89-4022-8184-0f9342007fcf}</UniqueIdentifier>
    </Filter>
    <Filter Include="src\tanslator">
      <UniqueIdentifier>{6ee8e595-44f6-44fb-a684-7b6624824543}</UniqueIdentifier>
    </Filter>
    <Filter Include="src\tanslator\assembler">
      <UniqueIdentifier>{14e3ba3b-f9b7-45f0-996e-a7f7d1f615d1}</UniqueIdentifier>
    </Filter>
    <Filter Include="src\common">
      <UniqueIdentifier>{1bc861d6-fe35-44e3-811c-f3df27eb072f}</UniqueIdentifier>
    </Filter>
    <Filter Include="src\controlflow">
      <UniqueIdentifier>{6c5327da-8f2a-4e1c-bfb7-fded47190707}</UniqueIdentifier>
    </Filter>
    <Filter Include="src\engine\decoder">
      <UniqueIdentifier>{93b0507a-46f6-47b7-98aa-da61f02d7eaf}</UniqueIdentifier>
    </Filter>
    <Filter Include="src\engine\executor">
      <UniqueIdentifier>{43c5bc59-d465-4356-9f55-77734e3748b2}</UniqueIdentifier>
    </Filter>
    <Filter Include="src\loader">
      <UniqueIdentifier>{10a372a9-250f-413a-907c-7dddde5f47d1}</UniqueIdentifier>
    </Filter>
    <Filter Include="src\loader\reader">
      <UniqueIdentifier>{a016117f-62e3-4f79-b62e-8938b7e7c74a}</UniqueIdentifier>
    </Filter>
    <Filter Include="src\obfuscation">
      <UniqueIdentifier>{f48070b0-5358-48da-a8e4-c793d95917ee}</UniqueIdentifier>
    </Filter>
    <Filter Include="src\obfuscation\controlflow">
      <UniqueIdentifier>{3691af31-cce6-4f1f-957c-aec8cd4939b5}</UniqueIdentifier>
    </Filter>
    <Filter Include="src\tanslator\ast">
      <UniqueIdentifier>{c68bdbed-46ec-45ee-bdd0-ee0019862d0a}</UniqueIdentifier>
    </Filter>
    <Filter Include="src\tanslator\codegen">
      <UniqueIdentifier>{726ca327-0347-4793-b8c5-45ffcd5ddcc7}</UniqueIdentifier>
    </Filter>
    <Filter Include="src\tanslator\optimizer">
      <UniqueIdentifier>{8f44ddf8-601c-4f34-b5a9-8ca666c3604b}</UniqueIdentifier>
    </Filter>
    <Filter Include="src\tanslator\ast\base">
      <UniqueIdentifier>{d64a6813-1ae9-4122-acc7-32805be65029}</UniqueIdentifier>
    </Filter>
    <Filter Include="src\tanslator\ast\nodes">
      <UniqueIdentifier>{ee09ab21-f63d-4b73-b8a8-fa25f8f4f5a7}</UniqueIdentifier>
    </Filter>
    <Filter Include="src\tanslator\ast\visitor">
      <UniqueIdentifier>{57980f5e-ec30-4ce5-86f2-1b385904af3f}</UniqueIdentifier>
    </Filter>
    <Filter Include="src\tests">
      <UniqueIdentifier>{bcf73196-e6d8-45de-b837-9950573dd5f4}</UniqueIdentifier>
    </Filter>
    <Filter Include="src\tests\engine">
      <UniqueIdentifier>{90fcd072-d588-4c3b-acbd-c74fa1f517d2}</UniqueIdentifier>
    </Filter>
    <Filter Include="src\tests\translator">
      <UniqueIdentifier>{d4de67dd-7a75-4896-a15f-293bd46da58a}</UniqueIdentifier>
    </Filter>
  </ItemGroup>
  <ItemGroup>
    <ClCompile Include="src\main.cpp">
      <Filter>src</Filter>
    </ClCompile>
    <ClCompile Include="src\memory\MemoryManager.cpp">
      <Filter>src\memory</Filter>
    </ClCompile>
    <ClCompile Include="src\engine\Interpreter.cpp">
      <Filter>src\engine</Filter>
    </ClCompile>
    <ClCompile Include="src\translator\assembler\SymbolTable.cpp">
      <Filter>src\tanslator\assembler</Filter>
    </ClCompile>
    <ClCompile Include="src\translator\assembler\Assembler.cpp">
      <Filter>src\tanslator\assembler</Filter>
    </ClCompile>
    <ClCompile Include="src\translator\assembler\CodeEmitter.cpp">
      <Filter>src\tanslator\assembler</Filter>
    </ClCompile>
    <ClCompile Include="src\translator\assembler\Parser.cpp">
      <Filter>src\tanslator\assembler</Filter>
    </ClCompile>
    <ClCompile Include="src\memory\MemorySegment.cpp">
      <Filter>src\memory</Filter>
    </ClCompile>
    <ClCompile Include="src\memory\StackMemory.cpp">
      <Filter>src\memory</Filter>
    </ClCompile>
    <ClCompile Include="src\memory\HeapMemory.cpp">
      <Filter>src\memory</Filter>
    </ClCompile>
    <ClCompile Include="src\common\Logger.cpp">
      <Filter>src\common</Filter>
    </ClCompile>
    <ClCompile Include="src\controlflow\ControlFlowManager.cpp">
      <Filter>src\controlflow</Filter>
    </ClCompile>
    <ClCompile Include="src\controlflow\FrameLayout.cpp">
      <Filter>src\controlflow</Filter>
    </ClCompile>
    <ClCompile Include="src\engine\decoder\BytecodeParser.cpp">
      <Filter>src\engine\decoder</Filter>
    </ClCompile>
    <ClCompile Include="src\engine\decoder\OpcodeDecoder.cpp">
      <Filter>src\engine\decoder</Filter>
    </ClCompile>
    <ClCompile Include="src\engine\executor\ArithmeticExec.cpp">
      <Filter>src\engine\executor</Filter>
    </ClCompile>
    <ClCompile Include="src\engine\executor\FlowControlExec.cpp">
      <Filter>src\engine\executor</Filter>
    </ClCompile>
    <ClCompile Include="src\engine\executor\HostCallExec.cpp">
      <Filter>src\engine\executor</Filter>
    </ClCompile>
    <ClCompile Include="src\loader\Loader.cpp">
      <Filter>src\loader</Filter>
    </ClCompile>
    <ClCompile Include="src\loader\reader\BytecodeReader.cpp">
      <Filter>src\loader\reader</Filter>
    </ClCompile>
    <ClCompile Include="src\obfuscation\ObfuscationUtils.cpp">
      <Filter>src\obfuscation</Filter>
    </ClCompile>
    <ClCompile Include="src\obfuscation\controlflow\ControlFlowFlattener.cpp">
      <Filter>src\obfuscation\controlflow</Filter>
    </ClCompile>
    <ClCompile Include="src\translator\Translator.cpp">
      <Filter>src\tanslator</Filter>
    </ClCompile>
    <ClCompile Include="src\translator\optimizer\ConstantFolding.cpp">
      <Filter>src\tanslator\optimizer</Filter>
    </ClCompile>
    <ClCompile Include="src\translator\codegen\BytecodeBuilder.cpp">
      <Filter>src\tanslator\codegen</Filter>
    </ClCompile>
    <ClCompile Include="src\translator\ast\ASTNodeFactory.cpp">
      <Filter>src\tanslator\ast</Filter>
    </ClCompile>
    <ClCompile Include="src\translator\ast\base\ASTNode.cpp">
      <Filter>src\tanslator\ast\base</Filter>
    </ClCompile>
    <ClCompile Include="src\translator\ast\visitor\BytecodeGeneratorVisitor.cpp">
      <Filter>src\tanslator\ast\visitor</Filter>
    </ClCompile>
    <ClCompile Include="src\tests\translator\TestTranslator.cpp">
      <Filter>src\tests\translator</Filter>
    </ClCompile>
    <ClCompile Include="src\tests\engine\TestEngine.cpp">
      <Filter>src\tests\engine</Filter>
    </ClCompile>
    <ClCompile Include="src\translator\ast\nodes\BreakStatementNode.cpp">
      <Filter>src\tanslator\ast\nodes</Filter>
    </ClCompile>
    <ClCompile Include="src\translator\ast\nodes\ContainerNodes.cpp">
      <Filter>src\tanslator\ast\nodes</Filter>
    </ClCompile>
    <ClCompile Include="src\translator\ast\nodes\ContinueStatementNode.cpp">
      <Filter>src\tanslator\ast\nodes</Filter>
    </ClCompile>
    <ClCompile Include="src\translator\ast\nodes\ForLoopNode.cpp">
      <Filter>src\tanslator\ast\nodes</Filter>
    </ClCompile>
    <ClCompile Include="src\translator\ast\nodes\FunctionCallNode.cpp">
      <Filter>src\tanslator\ast\nodes</Filter>
    </ClCompile>
    <ClCompile Include="src\translator\ast\nodes\FunctionDeclNode.cpp">
      <Filter>src\tanslator\ast\nodes</Filter>
    </ClCompile>
    <ClCompile Include="src\translator\ast\nodes\IfStatementNode.cpp">
      <Filter>src\tanslator\ast\nodes</Filter>
    </ClCompile>
    <ClCompile Include="src\translator\ast\nodes\LiteralNodes.cpp">
      <Filter>src\tanslator\ast\nodes</Filter>
    </ClCompile>
    <ClCompile Include="src\translator\ast\nodes\OperatorNodes.cpp">
      <Filter>src\tanslator\ast\nodes</Filter>
    </ClCompile>
    <ClCompile Include="src\translator\ast\nodes\ParameterNode.cpp">
      <Filter>src\tanslator\ast\nodes</Filter>
    </ClCompile>
    <ClCompile Include="src\translator\ast\nodes\ReturnStatementNode.cpp">
      <Filter>src\tanslator\ast\nodes</Filter>
    </ClCompile>
    <ClCompile Include="src\translator\ast\nodes\VariableNodes.cpp">
      <Filter>src\tanslator\ast\nodes</Filter>
    </ClCompile>
    <ClCompile Include="src\translator\ast\nodes\WhileLoopNode.cpp">
      <Filter>src\tanslator\ast\nodes</Filter>
    </ClCompile>
  </ItemGroup>
  <ItemGroup>
    <ClInclude Include="include\Opcodes.h">
      <Filter>include</Filter>
    </ClInclude>
    <ClInclude Include="src\engine\Interpreter.h">
      <Filter>src\engine</Filter>
    </ClInclude>
    <ClInclude Include="src\memory\MemoryManager.h">
      <Filter>src\memory</Filter>
    </ClInclude>
    <ClInclude Include="src\translator\assembler\SymbolTable.h">
      <Filter>src\tanslator\assembler</Filter>
    </ClInclude>
    <ClInclude Include="src\translator\assembler\CodeEmitter.h">
      <Filter>src\tanslator\assembler</Filter>
    </ClInclude>
    <ClInclude Include="src\translator\assembler\Parser.h">
      <Filter>src\tanslator\assembler</Filter>
    </ClInclude>
    <ClInclude Include="src\translator\assembler\Assembler.h">
      <Filter>src\tanslator\assembler</Filter>
    </ClInclude>
    <ClInclude Include="src\memory\HeapMemory.h">
      <Filter>src\memory</Filter>
    </ClInclude>
    <ClInclude Include="src\memory\MemorySegment.h">
      <Filter>src\memory</Filter>
    </ClInclude>
    <ClInclude Include="src\memory\StackMemory.h">
      <Filter>src\memory</Filter>
    </ClInclude>
    <ClInclude Include="src\common\Logger.h">
      <Filter>src\common</Filter>
    </ClInclude>
    <ClInclude Include="src\controlflow\ControlFlowManager.h">
      <Filter>src\controlflow</Filter>
    </ClInclude>
    <ClInclude Include="src\controlflow\FrameLayout.h">
      <Filter>src\controlflow</Filter>
    </ClInclude>
    <ClInclude Include="src\engine\decoder\BytecodeParser.h">
      <Filter>src\engine\decoder</Filter>
    </ClInclude>
    <ClInclude Include="src\engine\decoder\OpcodeDecoder.h">
      <Filter>src\engine\decoder</Filter>
    </ClInclude>
    <ClInclude Include="src\engine\executor\ArithmeticExec.h">
      <Filter>src\engine\executor</Filter>
    </ClInclude>
    <ClInclude Include="src\engine\executor\FlowControlExec.h">
      <Filter>src\engine\executor</Filter>
    </ClInclude>
    <ClInclude Include="src\engine\executor\HostCallExec.h">
      <Filter>src\engine\executor</Filter>
    </ClInclude>
    <ClInclude Include="src\loader\Loader.h">
      <Filter>src\loader</Filter>
    </ClInclude>
    <ClInclude Include="src\loader\reader\BytecodeReader.h">
      <Filter>src\loader\reader</Filter>
    </ClInclude>
    <ClInclude Include="src\obfuscation\ObfuscationUtils.h">
      <Filter>src\obfuscation</Filter>
    </ClInclude>
    <ClInclude Include="src\obfuscation\controlflow\ControlFlowFlattener.h">
      <Filter>src\obfuscation\controlflow</Filter>
    </ClInclude>
    <ClInclude Include="src\translator\Translator.h">
      <Filter>src\tanslator</Filter>
    </ClInclude>
    <ClInclude Include="src\translator\optimizer\ConstantFolding.h">
      <Filter>src\tanslator\optimizer</Filter>
    </ClInclude>
    <ClInclude Include="src\translator\codegen\BytecodeBuilder.h">
      <Filter>src\tanslator\codegen</Filter>
    </ClInclude>
    <ClInclude Include="src\translator\ast\ASTNodeFactory.h">
      <Filter>src\tanslator\ast</Filter>
    </ClInclude>
    <ClInclude Include="src\translator\ast\base\ASTNode.h">
      <Filter>src\tanslator\ast\base</Filter>
    </ClInclude>
    <ClInclude Include="src\translator\ast\base\OperatorTypes.h">
      <Filter>src\tanslator\ast\base</Filter>
    </ClInclude>
    <ClInclude Include="src\translator\ast\visitor\ASTVisitor.h">
      <Filter>src\tanslator\ast\visitor</Filter>
    </ClInclude>
    <ClInclude Include="src\translator\ast\visitor\BytecodeGeneratorVisitor.h">
      <Filter>src\tanslator\ast\visitor</Filter>
    </ClInclude>
    <ClInclude Include="src\tests\translator\TestTranslator.h">
      <Filter>src\tests\translator</Filter>
    </ClInclude>
    <ClInclude Include="src\tests\engine\TestEngine.h">
      <Filter>src\tests\engine</Filter>
    </ClInclude>
    <ClInclude Include="src\translator\ast\nodes\BreakStatementNode.h">
      <Filter>src\tanslator\ast\nodes</Filter>
    </ClInclude>
    <ClInclude Include="src\translator\ast\nodes\ContainerNodes.h">
      <Filter>src\tanslator\ast\nodes</Filter>
    </ClInclude>
    <ClInclude Include="src\translator\ast\nodes\ContinueStatementNode.h">
      <Filter>src\tanslator\ast\nodes</Filter>
    </ClInclude>
    <ClInclude Include="src\translator\ast\nodes\ForLoopNode.h">
      <Filter>src\tanslator\ast\nodes</Filter>
    </ClInclude>
    <ClInclude Include="src\translator\ast\nodes\FunctionCallNode.h">
      <Filter>src\tanslator\ast\nodes</Filter>
    </ClInclude>
    <ClInclude Include="src\translator\ast\nodes\FunctionDeclNode.h">
      <Filter>src\tanslator\ast\nodes</Filter>
    </ClInclude>
    <ClInclude Include="src\translator\ast\nodes\IfStatementNode.h">
      <Filter>src\tanslator\ast\nodes</Filter>
    </ClInclude>
    <ClInclude Include="src\translator\ast\nodes\LiteralNodes.h">
      <Filter>src\tanslator\ast\nodes</Filter>
    </ClInclude>
    <ClInclude Include="src\translator\ast\nodes\OperatorNodes.h">
      <Filter>src\tanslator\ast\nodes</Filter>
    </ClInclude>
    <ClInclude Include="src\translator\ast\nodes\ParameterNode.h">
      <Filter>src\tanslator\ast\nodes</Filter>
    </ClInclude>
    <ClInclude Include="src\translator\ast\nodes\ReturnStatementNode.h">
      <Filter>src\tanslator\ast\nodes</Filter>
    </ClInclude>
    <ClInclude Include="src\translator\ast\nodes\VariableNodes.h">
      <Filter>src\tanslator\ast\nodes</Filter>
    </ClInclude>
    <ClInclude Include="src\translator\ast\nodes\WhileLoopNode.h">
      <Filter>src\tanslator\ast\nodes</Filter>
    </ClInclude>
  </ItemGroup>
</Project>